// !$*UTF8*$!
{
	archiveVersion = 1;
	classes = {
	};
	objectVersion = 50;
	objects = {

/* Begin PBXBuildFile section */
		CDAC3E4B257A42EF009395CC /* AppDelegate.swift in Sources */ = {isa = PBXBuildFile; fileRef = CDAC3E4A257A42EF009395CC /* AppDelegate.swift */; };
		CDAC3E4D257A42EF009395CC /* SceneDelegate.swift in Sources */ = {isa = PBXBuildFile; fileRef = CDAC3E4C257A42EF009395CC /* SceneDelegate.swift */; };
		CDAC3E4F257A42EF009395CC /* ViewController.swift in Sources */ = {isa = PBXBuildFile; fileRef = CDAC3E4E257A42EF009395CC /* ViewController.swift */; };
		CDAC3E52257A42EF009395CC /* Main.storyboard in Resources */ = {isa = PBXBuildFile; fileRef = CDAC3E50257A42EF009395CC /* Main.storyboard */; };
		CDAC3E54257A42F1009395CC /* Assets.xcassets in Resources */ = {isa = PBXBuildFile; fileRef = CDAC3E53257A42F1009395CC /* Assets.xcassets */; };
		CDAC3E57257A42F1009395CC /* LaunchScreen.storyboard in Resources */ = {isa = PBXBuildFile; fileRef = CDAC3E55257A42F1009395CC /* LaunchScreen.storyboard */; };
/* End PBXBuildFile section */

/* Begin PBXFileReference section */
		CDAC3E47257A42EF009395CC /* VariablesYConstantes.app */ = {isa = PBXFileReference; explicitFileType = wrapper.application; includeInIndex = 0; path = VariablesYConstantes.app; sourceTree = BUILT_PRODUCTS_DIR; };
		CDAC3E4A257A42EF009395CC /* AppDelegate.swift */ = {isa = PBXFileReference; lastKnownFileType = sourcecode.swift; path = AppDelegate.swift; sourceTree = "<group>"; };
		CDAC3E4C257A42EF009395CC /* SceneDelegate.swift */ = {isa = PBXFileReference; lastKnownFileType = sourcecode.swift; path = SceneDelegate.swift; sourceTree = "<group>"; };
		CDAC3E4E257A42EF009395CC /* ViewController.swift */ = {isa = PBXFileReference; lastKnownFileType = sourcecode.swift; path = ViewController.swift; sourceTree = "<group>"; };
		CDAC3E51257A42EF009395CC /* Base */ = {isa = PBXFileReference; lastKnownFileType = file.storyboard; name = Base; path = Base.lproj/Main.storyboard; sourceTree = "<group>"; };
		CDAC3E53257A42F1009395CC /* Assets.xcassets */ = {isa = PBXFileReference; lastKnownFileType = folder.assetcatalog; path = Assets.xcassets; sourceTree = "<group>"; };
		CDAC3E56257A42F1009395CC /* Base */ = {isa = PBXFileReference; lastKnownFileType = file.storyboard; name = Base; path = Base.lproj/LaunchScreen.storyboard; sourceTree = "<group>"; };
		CDAC3E58257A42F1009395CC /* Info.plist */ = {isa = PBXFileReference; lastKnownFileType = text.plist.xml; path = Info.plist; sourceTree = "<group>"; };
		CDAC3E60257A455E009395CC /* Variables_Constantes_Tuplas_Arrays_Dictionary.playground */ = {isa = PBXFileReference; lastKnownFileType = file.playground; path = Variables_Constantes_Tuplas_Arrays_Dictionary.playground; sourceTree = "<group>"; xcLanguageSpecificationIdentifier = xcode.lang.swift; };
		CDAC3E88257A5383009395CC /* SentenciasSwift.playground */ = {isa = PBXFileReference; lastKnownFileType = file.playground; path = SentenciasSwift.playground; sourceTree = "<group>"; xcLanguageSpecificationIdentifier = xcode.lang.swift; };
		CDAC3E8A257A5A37009395CC /* FuncionesSwift.playground */ = {isa = PBXFileReference; lastKnownFileType = file.playground; path = FuncionesSwift.playground; sourceTree = "<group>"; xcLanguageSpecificationIdentifier = xcode.lang.swift; };
		CDAC3E8D257A5BD4009395CC /* EnumeracionesSwift.playground */ = {isa = PBXFileReference; lastKnownFileType = file.playground; path = EnumeracionesSwift.playground; sourceTree = "<group>"; xcLanguageSpecificationIdentifier = xcode.lang.swift; };
		CDAC3E8F257A5CFA009395CC /* ClasesYObjetosSwift.playground */ = {isa = PBXFileReference; lastKnownFileType = file.playground; path = ClasesYObjetosSwift.playground; sourceTree = "<group>"; xcLanguageSpecificationIdentifier = xcode.lang.swift; };
		CDAC3E91257A5E32009395CC /* Herencia_SobrecargaOperadores_Swift.playground */ = {isa = PBXFileReference; lastKnownFileType = file.playground; path = Herencia_SobrecargaOperadores_Swift.playground; sourceTree = "<group>"; xcLanguageSpecificationIdentifier = xcode.lang.swift; };
		CDAC3E94257A60ED009395CC /* GenericsSwift.playground */ = {isa = PBXFileReference; lastKnownFileType = file.playground; path = GenericsSwift.playground; sourceTree = "<group>"; xcLanguageSpecificationIdentifier = xcode.lang.swift; };
/* End PBXFileReference section */

/* Begin PBXFrameworksBuildPhase section */
		CDAC3E44257A42EF009395CC /* Frameworks */ = {
			isa = PBXFrameworksBuildPhase;
			buildActionMask = 2147483647;
			files = (
			);
			runOnlyForDeploymentPostprocessing = 0;
		};
/* End PBXFrameworksBuildPhase section */

/* Begin PBXGroup section */
		CDAC3E3E257A42EF009395CC = {
			isa = PBXGroup;
			children = (
				CDAC3E49257A42EF009395CC /* VariablesYConstantes */,
				CDAC3E48257A42EF009395CC /* Products */,
			);
			sourceTree = "<group>";
		};
		CDAC3E48257A42EF009395CC /* Products */ = {
			isa = PBXGroup;
			children = (
				CDAC3E47257A42EF009395CC /* VariablesYConstantes.app */,
			);
			name = Products;
			sourceTree = "<group>";
		};
		CDAC3E49257A42EF009395CC /* VariablesYConstantes */ = {
			isa = PBXGroup;
			children = (
				CDAC3E4A257A42EF009395CC /* AppDelegate.swift */,
				CDAC3E4C257A42EF009395CC /* SceneDelegate.swift */,
				CDAC3E4E257A42EF009395CC /* ViewController.swift */,
				CDAC3E50257A42EF009395CC /* Main.storyboard */,
				CDAC3E53257A42F1009395CC /* Assets.xcassets */,
				CDAC3E55257A42F1009395CC /* LaunchScreen.storyboard */,
				CDAC3E58257A42F1009395CC /* Info.plist */,
				CDAC3E60257A455E009395CC /* Variables_Constantes_Tuplas_Arrays_Dictionary.playground */,
				CDAC3E88257A5383009395CC /* SentenciasSwift.playground */,
				CDAC3E8A257A5A37009395CC /* FuncionesSwift.playground */,
				CDAC3E8D257A5BD4009395CC /* EnumeracionesSwift.playground */,
				CDAC3E8F257A5CFA009395CC /* ClasesYObjetosSwift.playground */,
				CDAC3E91257A5E32009395CC /* Herencia_SobrecargaOperadores_Swift.playground */,
				CDAC3E94257A60ED009395CC /* GenericsSwift.playground */,
			);
			path = VariablesYConstantes;
			sourceTree = "<group>";
		};
/* End PBXGroup section */

/* Begin PBXNativeTarget section */
		CDAC3E46257A42EF009395CC /* VariablesYConstantes */ = {
			isa = PBXNativeTarget;
			buildConfigurationList = CDAC3E5B257A42F1009395CC /* Build configuration list for PBXNativeTarget "VariablesYConstantes" */;
			buildPhases = (
				CDAC3E43257A42EF009395CC /* Sources */,
				CDAC3E44257A42EF009395CC /* Frameworks */,
				CDAC3E45257A42EF009395CC /* Resources */,
			);
			buildRules = (
			);
			dependencies = (
			);
			name = VariablesYConstantes;
			productName = VariablesYConstantes;
			productReference = CDAC3E47257A42EF009395CC /* VariablesYConstantes.app */;
			productType = "com.apple.product-type.application";
		};
/* End PBXNativeTarget section */

/* Begin PBXProject section */
		CDAC3E3F257A42EF009395CC /* Project object */ = {
			isa = PBXProject;
			attributes = {
				LastSwiftUpdateCheck = 1220;
				LastUpgradeCheck = 1220;
				TargetAttributes = {
					CDAC3E46257A42EF009395CC = {
						CreatedOnToolsVersion = 12.2;
					};
				};
			};
			buildConfigurationList = CDAC3E42257A42EF009395CC /* Build configuration list for PBXProject "VariablesYConstantes" */;
			compatibilityVersion = "Xcode 9.3";
			developmentRegion = en;
			hasScannedForEncodings = 0;
			knownRegions = (
				en,
				Base,
			);
			mainGroup = CDAC3E3E257A42EF009395CC;
			productRefGroup = CDAC3E48257A42EF009395CC /* Products */;
			projectDirPath = "";
			projectRoot = "";
			targets = (
				CDAC3E46257A42EF009395CC /* VariablesYConstantes */,
			);
		};
/* End PBXProject section */

/* Begin PBXResourcesBuildPhase section */
		CDAC3E45257A42EF009395CC /* Resources */ = {
			isa = PBXResourcesBuildPhase;
			buildActionMask = 2147483647;
			files = (
				CDAC3E57257A42F1009395CC /* LaunchScreen.storyboard in Resources */,
				CDAC3E54257A42F1009395CC /* Assets.xcassets in Resources */,
				CDAC3E52257A42EF009395CC /* Main.storyboard in Resources */,
			);
			runOnlyForDeploymentPostprocessing = 0;
		};
/* End PBXResourcesBuildPhase section */

/* Begin PBXSourcesBuildPhase section */
		CDAC3E43257A42EF009395CC /* Sources */ = {
			isa = PBXSourcesBuildPhase;
			buildActionMask = 2147483647;
			files = (
				CDAC3E4F257A42EF009395CC /* ViewController.swift in Sources */,
				CDAC3E4B257A42EF009395CC /* AppDelegate.swift in Sources */,
				CDAC3E4D257A42EF009395CC /* SceneDelegate.swift in Sources */,
			);
			runOnlyForDeploymentPostprocessing = 0;
		};
/* End PBXSourcesBuildPhase section */

/* Begin PBXVariantGroup section */
		CDAC3E50257A42EF009395CC /* Main.storyboard */ = {
			isa = PBXVariantGroup;
			children = (
				CDAC3E51257A42EF009395CC /* Base */,
			);
			name = Main.storyboard;
			sourceTree = "<group>";
		};
		CDAC3E55257A42F1009395CC /* LaunchScreen.storyboard */ = {
			isa = PBXVariantGroup;
			children = (
				CDAC3E56257A42F1009395CC /* Base */,
			);
			name = LaunchScreen.storyboard;
			sourceTree = "<group>";
		};
/* End PBXVariantGroup section */

/* Begin XCBuildConfiguration section */
		CDAC3E59257A42F1009395CC /* Debug */ = {
			isa = XCBuildConfiguration;
			buildSettings = {
				ALWAYS_SEARCH_USER_PATHS = NO;
				CLANG_ANALYZER_NONNULL = YES;
				CLANG_ANALYZER_NUMBER_OBJECT_CONVERSION = YES_AGGRESSIVE;
				CLANG_CXX_LANGUAGE_STANDARD = "gnu++14";
				CLANG_CXX_LIBRARY = "libc++";
				CLANG_ENABLE_MODULES = YES;
				CLANG_ENABLE_OBJC_ARC = YES;
				CLANG_ENABLE_OBJC_WEAK = YES;
				CLANG_WARN_BLOCK_CAPTURE_AUTORELEASING = YES;
				CLANG_WARN_BOOL_CONVERSION = YES;
				CLANG_WARN_COMMA = YES;
				CLANG_WARN_CONSTANT_CONVERSION = YES;
				CLANG_WARN_DEPRECATED_OBJC_IMPLEMENTATIONS = YES;
				CLANG_WARN_DIRECT_OBJC_ISA_USAGE = YES_ERROR;
				CLANG_WARN_DOCUMENTATION_COMMENTS = YES;
				CLANG_WARN_EMPTY_BODY = YES;
				CLANG_WARN_ENUM_CONVERSION = YES;
				CLANG_WARN_INFINITE_RECURSION = YES;
				CLANG_WARN_INT_CONVERSION = YES;
				CLANG_WARN_NON_LITERAL_NULL_CONVERSION = YES;
				CLANG_WARN_OBJC_IMPLICIT_RETAIN_SELF = YES;
				CLANG_WARN_OBJC_LITERAL_CONVERSION = YES;
				CLANG_WARN_OBJC_ROOT_CLASS = YES_ERROR;
				CLANG_WARN_QUOTED_INCLUDE_IN_FRAMEWORK_HEADER = YES;
				CLANG_WARN_RANGE_LOOP_ANALYSIS = YES;
				CLANG_WARN_STRICT_PROTOTYPES = YES;
				CLANG_WARN_SUSPICIOUS_MOVE = YES;
				CLANG_WARN_UNGUARDED_AVAILABILITY = YES_AGGRESSIVE;
				CLANG_WARN_UNREACHABLE_CODE = YES;
				CLANG_WARN__DUPLICATE_METHOD_MATCH = YES;
				COPY_PHASE_STRIP = NO;
				DEBUG_INFORMATION_FORMAT = dwarf;
				ENABLE_STRICT_OBJC_MSGSEND = YES;
				ENABLE_TESTABILITY = YES;
				GCC_C_LANGUAGE_STANDARD = gnu11;
				GCC_DYNAMIC_NO_PIC = NO;
				GCC_NO_COMMON_BLOCKS = YES;
				GCC_OPTIMIZATION_LEVEL = 0;
				GCC_PREPROCESSOR_DEFINITIONS = (
					"DEBUG=1",
					"$(inherited)",
				);
				GCC_WARN_64_TO_32_BIT_CONVERSION = YES;
				GCC_WARN_ABOUT_RETURN_TYPE = YES_ERROR;
				GCC_WARN_UNDECLARED_SELECTOR = YES;
				GCC_WARN_UNINITIALIZED_AUTOS = YES_AGGRESSIVE;
				GCC_WARN_UNUSED_FUNCTION = YES;
				GCC_WARN_UNUSED_VARIABLE = YES;
				IPHONEOS_DEPLOYMENT_TARGET = 14.2;
				MTL_ENABLE_DEBUG_INFO = INCLUDE_SOURCE;
				MTL_FAST_MATH = YES;
				ONLY_ACTIVE_ARCH = YES;
				SDKROOT = iphoneos;
				SWIFT_ACTIVE_COMPILATION_CONDITIONS = DEBUG;
				SWIFT_OPTIMIZATION_LEVEL = "-Onone";
			};
			name = Debug;
		};
		CDAC3E5A257A42F1009395CC /* Release */ = {
			isa = XCBuildConfiguration;
			buildSettings = {
				ALWAYS_SEARCH_USER_PATHS = NO;
				CLANG_ANALYZER_NONNULL = YES;
				CLANG_ANALYZER_NUMBER_OBJECT_CONVERSION = YES_AGGRESSIVE;
				CLANG_CXX_LANGUAGE_STANDARD = "gnu++14";
				CLANG_CXX_LIBRARY = "libc++";
				CLANG_ENABLE_MODULES = YES;
				CLANG_ENABLE_OBJC_ARC = YES;
				CLANG_ENABLE_OBJC_WEAK = YES;
				CLANG_WARN_BLOCK_CAPTURE_AUTORELEASING = YES;
				CLANG_WARN_BOOL_CONVERSION = YES;
				CLANG_WARN_COMMA = YES;
				CLANG_WARN_CONSTANT_CONVERSION = YES;
				CLANG_WARN_DEPRECATED_OBJC_IMPLEMENTATIONS = YES;
				CLANG_WARN_DIRECT_OBJC_ISA_USAGE = YES_ERROR;
				CLANG_WARN_DOCUMENTATION_COMMENTS = YES;
				CLANG_WARN_EMPTY_BODY = YES;
				CLANG_WARN_ENUM_CONVERSION = YES;
				CLANG_WARN_INFINITE_RECURSION = YES;
				CLANG_WARN_INT_CONVERSION = YES;
				CLANG_WARN_NON_LITERAL_NULL_CONVERSION = YES;
				CLANG_WARN_OBJC_IMPLICIT_RETAIN_SELF = YES;
				CLANG_WARN_OBJC_LITERAL_CONVERSION = YES;
				CLANG_WARN_OBJC_ROOT_CLASS = YES_ERROR;
				CLANG_WARN_QUOTED_INCLUDE_IN_FRAMEWORK_HEADER = YES;
				CLANG_WARN_RANGE_LOOP_ANALYSIS = YES;
				CLANG_WARN_STRICT_PROTOTYPES = YES;
				CLANG_WARN_SUSPICIOUS_MOVE = YES;
				CLANG_WARN_UNGUARDED_AVAILABILITY = YES_AGGRESSIVE;
				CLANG_WARN_UNREACHABLE_CODE = YES;
				CLANG_WARN__DUPLICATE_METHOD_MATCH = YES;
				COPY_PHASE_STRIP = NO;
				DEBUG_INFORMATION_FORMAT = "dwarf-with-dsym";
				ENABLE_NS_ASSERTIONS = NO;
				ENABLE_STRICT_OBJC_MSGSEND = YES;
				GCC_C_LANGUAGE_STANDARD = gnu11;
				GCC_NO_COMMON_BLOCKS = YES;
				GCC_WARN_64_TO_32_BIT_CONVERSION = YES;
				GCC_WARN_ABOUT_RETURN_TYPE = YES_ERROR;
				GCC_WARN_UNDECLARED_SELECTOR = YES;
				GCC_WARN_UNINITIALIZED_AUTOS = YES_AGGRESSIVE;
				GCC_WARN_UNUSED_FUNCTION = YES;
				GCC_WARN_UNUSED_VARIABLE = YES;
				IPHONEOS_DEPLOYMENT_TARGET = 14.2;
				MTL_ENABLE_DEBUG_INFO = NO;
				MTL_FAST_MATH = YES;
				SDKROOT = iphoneos;
				SWIFT_COMPILATION_MODE = wholemodule;
				SWIFT_OPTIMIZATION_LEVEL = "-O";
				VALIDATE_PRODUCT = YES;
			};
			name = Release;
		};
		CDAC3E5C257A42F1009395CC /* Debug */ = {
			isa = XCBuildConfiguration;
			buildSettings = {
				ASSETCATALOG_COMPILER_APPICON_NAME = AppIcon;
				ASSETCATALOG_COMPILER_GLOBAL_ACCENT_COLOR_NAME = AccentColor;
				CODE_SIGN_STYLE = Automatic;
				INFOPLIST_FILE = VariablesYConstantes/Info.plist;
				LD_RUNPATH_SEARCH_PATHS = (
					"$(inherited)",
					"@executable_path/Frameworks",
				);
				PRODUCT_BUNDLE_IDENTIFIER = es.masterd.IntroduccionSwift;
				PRODUCT_NAME = "$(TARGET_NAME)";
				SWIFT_VERSION = 5.0;
				TARGETED_DEVICE_FAMILY = "1,2";
			};
			name = Debug;
		};
		CDAC3E5D257A42F1009395CC /* Release */ = {
			isa = XCBuildConfiguration;
			buildSettings = {
				ASSETCATALOG_COMPILER_APPICON_NAME = AppIcon;
				ASSETCATALOG_COMPILER_GLOBAL_ACCENT_COLOR_NAME = AccentColor;
				CODE_SIGN_STYLE = Automatic;
				INFOPLIST_FILE = VariablesYConstantes/Info.plist;
				LD_RUNPATH_SEARCH_PATHS = (
					"$(inherited)",
					"@executable_path/Frameworks",
				);
				PRODUCT_BUNDLE_IDENTIFIER = es.masterd.IntroduccionSwift;
				PRODUCT_NAME = "$(TARGET_NAME)";
				SWIFT_VERSION = 5.0;
				TARGETED_DEVICE_FAMILY = "1,2";
			};
			name = Release;
		};
/* End XCBuildConfiguration section */

/* Begin XCConfigurationList section */
		CDAC3E42257A42EF009395CC /* Build configuration list for PBXProject "VariablesYConstantes" */ = {
			isa = XCConfigurationList;
			buildConfigurations = (
				CDAC3E59257A42F1009395CC /* Debug */,
				CDAC3E5A257A42F1009395CC /* Release */,
			);
			defaultConfigurationIsVisible = 0;
			defaultConfigurationName = Release;
		};
		CDAC3E5B257A42F1009395CC /* Build configuration list for PBXNativeTarget "VariablesYConstantes" */ = {
			isa = XCConfigurationList;
			buildConfigurations = (
				CDAC3E5C257A42F1009395CC /* Debug */,
				CDAC3E5D257A42F1009395CC /* Release */,
			);
			defaultConfigurationIsVisible = 0;
			defaultConfigurationName = Release;
		};
/* End XCConfigurationList section */
	};
	rootObject = CDAC3E3F257A42EF009395CC /* Project object */;
}
