// !$*UTF8*$!
{
	archiveVersion = 1;
	classes = {
	};
	objectVersion = 50;
	objects = {

/* Begin PBXBuildFile section */
		CD9D2EAF25B8575C0044A309 /* AppDelegate.swift in Sources */ = {isa = PBXBuildFile; fileRef = CD9D2EAE25B8575C0044A309 /* AppDelegate.swift */; };
		CD9D2EB125B8575C0044A309 /* SceneDelegate.swift in Sources */ = {isa = PBXBuildFile; fileRef = CD9D2EB025B8575C0044A309 /* SceneDelegate.swift */; };
		CD9D2EB325B8575C0044A309 /* ViewController.swift in Sources */ = {isa = PBXBuildFile; fileRef = CD9D2EB225B8575C0044A309 /* ViewController.swift */; };
		CD9D2EB625B8575C0044A309 /* Main.storyboard in Resources */ = {isa = PBXBuildFile; fileRef = CD9D2EB425B8575C0044A309 /* Main.storyboard */; };
		CD9D2EB825B8575F0044A309 /* Assets.xcassets in Resources */ = {isa = PBXBuildFile; fileRef = CD9D2EB725B8575F0044A309 /* Assets.xcassets */; };
		CD9D2EBB25B8575F0044A309 /* LaunchScreen.storyboard in Resources */ = {isa = PBXBuildFile; fileRef = CD9D2EB925B8575F0044A309 /* LaunchScreen.storyboard */; };
		CD9D2ECD25BAE82D0044A309 /* Bolts.framework in Frameworks */ = {isa = PBXBuildFile; fileRef = CD9D2ECC25BAE82D0044A309 /* Bolts.framework */; };
		CD9D2ED025BAEBE50044A309 /* FBSDKCoreKit.framework in Frameworks */ = {isa = PBXBuildFile; fileRef = CD9D2ECF25BAEBE50044A309 /* FBSDKCoreKit.framework */; };
		CD9D2ED225BAEBF20044A309 /* FBSDKLoginKit.framework in Frameworks */ = {isa = PBXBuildFile; fileRef = CD9D2ED125BAEBF20044A309 /* FBSDKLoginKit.framework */; };
/* End PBXBuildFile section */

/* Begin PBXFileReference section */
		CD9D2EAB25B8575C0044A309 /* LoginApp.app */ = {isa = PBXFileReference; explicitFileType = wrapper.application; includeInIndex = 0; path = LoginApp.app; sourceTree = BUILT_PRODUCTS_DIR; };
		CD9D2EAE25B8575C0044A309 /* AppDelegate.swift */ = {isa = PBXFileReference; lastKnownFileType = sourcecode.swift; path = AppDelegate.swift; sourceTree = "<group>"; };
		CD9D2EB025B8575C0044A309 /* SceneDelegate.swift */ = {isa = PBXFileReference; lastKnownFileType = sourcecode.swift; path = SceneDelegate.swift; sourceTree = "<group>"; };
		CD9D2EB225B8575C0044A309 /* ViewController.swift */ = {isa = PBXFileReference; lastKnownFileType = sourcecode.swift; path = ViewController.swift; sourceTree = "<group>"; };
		CD9D2EB525B8575C0044A309 /* Base */ = {isa = PBXFileReference; lastKnownFileType = file.storyboard; name = Base; path = Base.lproj/Main.storyboard; sourceTree = "<group>"; };
		CD9D2EB725B8575F0044A309 /* Assets.xcassets */ = {isa = PBXFileReference; lastKnownFileType = folder.assetcatalog; path = Assets.xcassets; sourceTree = "<group>"; };
		CD9D2EBA25B8575F0044A309 /* Base */ = {isa = PBXFileReference; lastKnownFileType = file.storyboard; name = Base; path = Base.lproj/LaunchScreen.storyboard; sourceTree = "<group>"; };
		CD9D2EBC25B8575F0044A309 /* Info.plist */ = {isa = PBXFileReference; lastKnownFileType = text.plist.xml; path = Info.plist; sourceTree = "<group>"; };
		CD9D2ECC25BAE82D0044A309 /* Bolts.framework */ = {isa = PBXFileReference; lastKnownFileType = wrapper.framework; name = Bolts.framework; path = "../../../../Downloads/FacebookSDKs-iOS-4/Bolts.framework"; sourceTree = "<group>"; };
		CD9D2ECF25BAEBE50044A309 /* FBSDKCoreKit.framework */ = {isa = PBXFileReference; lastKnownFileType = wrapper.framework; path = FBSDKCoreKit.framework; sourceTree = "<group>"; };
		CD9D2ED125BAEBF20044A309 /* FBSDKLoginKit.framework */ = {isa = PBXFileReference; lastKnownFileType = wrapper.framework; path = FBSDKLoginKit.framework; sourceTree = "<group>"; };
		CD9D2ED525BAF0DA0044A309 /* LoginApp.entitlements */ = {isa = PBXFileReference; lastKnownFileType = text.plist.entitlements; path = LoginApp.entitlements; sourceTree = "<group>"; };
/* End PBXFileReference section */

/* Begin PBXFrameworksBuildPhase section */
		CD9D2EA825B8575C0044A309 /* Frameworks */ = {
			isa = PBXFrameworksBuildPhase;
			buildActionMask = 2147483647;
			files = (
				CD9D2ECD25BAE82D0044A309 /* Bolts.framework in Frameworks */,
				CD9D2ED025BAEBE50044A309 /* FBSDKCoreKit.framework in Frameworks */,
				CD9D2ED225BAEBF20044A309 /* FBSDKLoginKit.framework in Frameworks */,
			);
			runOnlyForDeploymentPostprocessing = 0;
		};
/* End PBXFrameworksBuildPhase section */

/* Begin PBXGroup section */
		CD9D2EA225B8575C0044A309 = {
			isa = PBXGroup;
			children = (
				CD9D2EC325B8579C0044A309 /* Frameworks */,
				CD9D2EAD25B8575C0044A309 /* LoginApp */,
				CD9D2EAC25B8575C0044A309 /* Products */,
			);
			sourceTree = "<group>";
		};
		CD9D2EAC25B8575C0044A309 /* Products */ = {
			isa = PBXGroup;
			children = (
				CD9D2EAB25B8575C0044A309 /* LoginApp.app */,
			);
			name = Products;
			sourceTree = "<group>";
		};
		CD9D2EAD25B8575C0044A309 /* LoginApp */ = {
			isa = PBXGroup;
			children = (
				CD9D2ED525BAF0DA0044A309 /* LoginApp.entitlements */,
				CD9D2EAE25B8575C0044A309 /* AppDelegate.swift */,
				CD9D2EB025B8575C0044A309 /* SceneDelegate.swift */,
				CD9D2EB225B8575C0044A309 /* ViewController.swift */,
				CD9D2EB425B8575C0044A309 /* Main.storyboard */,
				CD9D2EB725B8575F0044A309 /* Assets.xcassets */,
				CD9D2EB925B8575F0044A309 /* LaunchScreen.storyboard */,
				CD9D2EBC25B8575F0044A309 /* Info.plist */,
			);
			path = LoginApp;
			sourceTree = "<group>";
		};
		CD9D2EC325B8579C0044A309 /* Frameworks */ = {
			isa = PBXGroup;
			children = (
				CD9D2ED125BAEBF20044A309 /* FBSDKLoginKit.framework */,
				CD9D2ECF25BAEBE50044A309 /* FBSDKCoreKit.framework */,
				CD9D2ECC25BAE82D0044A309 /* Bolts.framework */,
			);
			path = Frameworks;
			sourceTree = "<group>";
		};
/* End PBXGroup section */

/* Begin PBXNativeTarget section */
		CD9D2EAA25B8575C0044A309 /* LoginApp */ = {
			isa = PBXNativeTarget;
			buildConfigurationList = CD9D2EBF25B8575F0044A309 /* Build configuration list for PBXNativeTarget "LoginApp" */;
			buildPhases = (
				CD9D2EA725B8575C0044A309 /* Sources */,
				CD9D2EA825B8575C0044A309 /* Frameworks */,
				CD9D2EA925B8575C0044A309 /* Resources */,
			);
			buildRules = (
			);
			dependencies = (
			);
			name = LoginApp;
			productName = LoginApp;
			productReference = CD9D2EAB25B8575C0044A309 /* LoginApp.app */;
			productType = "com.apple.product-type.application";
		};
/* End PBXNativeTarget section */

/* Begin PBXProject section */
		CD9D2EA325B8575C0044A309 /* Project object */ = {
			isa = PBXProject;
			attributes = {
				LastSwiftUpdateCheck = 1220;
				LastUpgradeCheck = 1220;
				TargetAttributes = {
					CD9D2EAA25B8575C0044A309 = {
						CreatedOnToolsVersion = 12.2;
					};
				};
			};
			buildConfigurationList = CD9D2EA625B8575C0044A309 /* Build configuration list for PBXProject "LoginApp" */;
			compatibilityVersion = "Xcode 9.3";
			developmentRegion = en;
			hasScannedForEncodings = 0;
			knownRegions = (
				en,
				Base,
			);
			mainGroup = CD9D2EA225B8575C0044A309;
			productRefGroup = CD9D2EAC25B8575C0044A309 /* Products */;
			projectDirPath = "";
			projectRoot = "";
			targets = (
				CD9D2EAA25B8575C0044A309 /* LoginApp */,
			);
		};
/* End PBXProject section */

/* Begin PBXResourcesBuildPhase section */
		CD9D2EA925B8575C0044A309 /* Resources */ = {
			isa = PBXResourcesBuildPhase;
			buildActionMask = 2147483647;
			files = (
				CD9D2EBB25B8575F0044A309 /* LaunchScreen.storyboard in Resources */,
				CD9D2EB825B8575F0044A309 /* Assets.xcassets in Resources */,
				CD9D2EB625B8575C0044A309 /* Main.storyboard in Resources */,
			);
			runOnlyForDeploymentPostprocessing = 0;
		};
/* End PBXResourcesBuildPhase section */

/* Begin PBXSourcesBuildPhase section */
		CD9D2EA725B8575C0044A309 /* Sources */ = {
			isa = PBXSourcesBuildPhase;
			buildActionMask = 2147483647;
			files = (
				CD9D2EB325B8575C0044A309 /* ViewController.swift in Sources */,
				CD9D2EAF25B8575C0044A309 /* AppDelegate.swift in Sources */,
				CD9D2EB125B8575C0044A309 /* SceneDelegate.swift in Sources */,
			);
			runOnlyForDeploymentPostprocessing = 0;
		};
/* End PBXSourcesBuildPhase section */

/* Begin PBXVariantGroup section */
		CD9D2EB425B8575C0044A309 /* Main.storyboard */ = {
			isa = PBXVariantGroup;
			children = (
				CD9D2EB525B8575C0044A309 /* Base */,
			);
			name = Main.storyboard;
			sourceTree = "<group>";
		};
		CD9D2EB925B8575F0044A309 /* LaunchScreen.storyboard */ = {
			isa = PBXVariantGroup;
			children = (
				CD9D2EBA25B8575F0044A309 /* Base */,
			);
			name = LaunchScreen.storyboard;
			sourceTree = "<group>";
		};
/* End PBXVariantGroup section */

/* Begin XCBuildConfiguration section */
		CD9D2EBD25B8575F0044A309 /* Debug */ = {
			isa = XCBuildConfiguration;
			buildSettings = {
				ALWAYS_SEARCH_USER_PATHS = NO;
				CLANG_ANALYZER_NONNULL = YES;
				CLANG_ANALYZER_NUMBER_OBJECT_CONVERSION = YES_AGGRESSIVE;
				CLANG_CXX_LANGUAGE_STANDARD = "gnu++14";
				CLANG_CXX_LIBRARY = "libc++";
				CLANG_ENABLE_MODULES = YES;
				CLANG_ENABLE_OBJC_ARC = YES;
				CLANG_ENABLE_OBJC_WEAK = YES;
				CLANG_WARN_BLOCK_CAPTURE_AUTORELEASING = YES;
				CLANG_WARN_BOOL_CONVERSION = YES;
				CLANG_WARN_COMMA = YES;
				CLANG_WARN_CONSTANT_CONVERSION = YES;
				CLANG_WARN_DEPRECATED_OBJC_IMPLEMENTATIONS = YES;
				CLANG_WARN_DIRECT_OBJC_ISA_USAGE = YES_ERROR;
				CLANG_WARN_DOCUMENTATION_COMMENTS = YES;
				CLANG_WARN_EMPTY_BODY = YES;
				CLANG_WARN_ENUM_CONVERSION = YES;
				CLANG_WARN_INFINITE_RECURSION = YES;
				CLANG_WARN_INT_CONVERSION = YES;
				CLANG_WARN_NON_LITERAL_NULL_CONVERSION = YES;
				CLANG_WARN_OBJC_IMPLICIT_RETAIN_SELF = YES;
				CLANG_WARN_OBJC_LITERAL_CONVERSION = YES;
				CLANG_WARN_OBJC_ROOT_CLASS = YES_ERROR;
				CLANG_WARN_QUOTED_INCLUDE_IN_FRAMEWORK_HEADER = YES;
				CLANG_WARN_RANGE_LOOP_ANALYSIS = YES;
				CLANG_WARN_STRICT_PROTOTYPES = YES;
				CLANG_WARN_SUSPICIOUS_MOVE = YES;
				CLANG_WARN_UNGUARDED_AVAILABILITY = YES_AGGRESSIVE;
				CLANG_WARN_UNREACHABLE_CODE = YES;
				CLANG_WARN__DUPLICATE_METHOD_MATCH = YES;
				COPY_PHASE_STRIP = NO;
				DEBUG_INFORMATION_FORMAT = dwarf;
				ENABLE_STRICT_OBJC_MSGSEND = YES;
				ENABLE_TESTABILITY = YES;
				GCC_C_LANGUAGE_STANDARD = gnu11;
				GCC_DYNAMIC_NO_PIC = NO;
				GCC_NO_COMMON_BLOCKS = YES;
				GCC_OPTIMIZATION_LEVEL = 0;
				GCC_PREPROCESSOR_DEFINITIONS = (
					"DEBUG=1",
					"$(inherited)",
				);
				GCC_WARN_64_TO_32_BIT_CONVERSION = YES;
				GCC_WARN_ABOUT_RETURN_TYPE = YES_ERROR;
				GCC_WARN_UNDECLARED_SELECTOR = YES;
				GCC_WARN_UNINITIALIZED_AUTOS = YES_AGGRESSIVE;
				GCC_WARN_UNUSED_FUNCTION = YES;
				GCC_WARN_UNUSED_VARIABLE = YES;
				IPHONEOS_DEPLOYMENT_TARGET = 14.2;
				MTL_ENABLE_DEBUG_INFO = INCLUDE_SOURCE;
				MTL_FAST_MATH = YES;
				ONLY_ACTIVE_ARCH = YES;
				SDKROOT = iphoneos;
				SWIFT_ACTIVE_COMPILATION_CONDITIONS = DEBUG;
				SWIFT_OPTIMIZATION_LEVEL = "-Onone";
			};
			name = Debug;
		};
		CD9D2EBE25B8575F0044A309 /* Release */ = {
			isa = XCBuildConfiguration;
			buildSettings = {
				ALWAYS_SEARCH_USER_PATHS = NO;
				CLANG_ANALYZER_NONNULL = YES;
				CLANG_ANALYZER_NUMBER_OBJECT_CONVERSION = YES_AGGRESSIVE;
				CLANG_CXX_LANGUAGE_STANDARD = "gnu++14";
				CLANG_CXX_LIBRARY = "libc++";
				CLANG_ENABLE_MODULES = YES;
				CLANG_ENABLE_OBJC_ARC = YES;
				CLANG_ENABLE_OBJC_WEAK = YES;
				CLANG_WARN_BLOCK_CAPTURE_AUTORELEASING = YES;
				CLANG_WARN_BOOL_CONVERSION = YES;
				CLANG_WARN_COMMA = YES;
				CLANG_WARN_CONSTANT_CONVERSION = YES;
				CLANG_WARN_DEPRECATED_OBJC_IMPLEMENTATIONS = YES;
				CLANG_WARN_DIRECT_OBJC_ISA_USAGE = YES_ERROR;
				CLANG_WARN_DOCUMENTATION_COMMENTS = YES;
				CLANG_WARN_EMPTY_BODY = YES;
				CLANG_WARN_ENUM_CONVERSION = YES;
				CLANG_WARN_INFINITE_RECURSION = YES;
				CLANG_WARN_INT_CONVERSION = YES;
				CLANG_WARN_NON_LITERAL_NULL_CONVERSION = YES;
				CLANG_WARN_OBJC_IMPLICIT_RETAIN_SELF = YES;
				CLANG_WARN_OBJC_LITERAL_CONVERSION = YES;
				CLANG_WARN_OBJC_ROOT_CLASS = YES_ERROR;
				CLANG_WARN_QUOTED_INCLUDE_IN_FRAMEWORK_HEADER = YES;
				CLANG_WARN_RANGE_LOOP_ANALYSIS = YES;
				CLANG_WARN_STRICT_PROTOTYPES = YES;
				CLANG_WARN_SUSPICIOUS_MOVE = YES;
				CLANG_WARN_UNGUARDED_AVAILABILITY = YES_AGGRESSIVE;
				CLANG_WARN_UNREACHABLE_CODE = YES;
				CLANG_WARN__DUPLICATE_METHOD_MATCH = YES;
				COPY_PHASE_STRIP = NO;
				DEBUG_INFORMATION_FORMAT = "dwarf-with-dsym";
				ENABLE_NS_ASSERTIONS = NO;
				ENABLE_STRICT_OBJC_MSGSEND = YES;
				GCC_C_LANGUAGE_STANDARD = gnu11;
				GCC_NO_COMMON_BLOCKS = YES;
				GCC_WARN_64_TO_32_BIT_CONVERSION = YES;
				GCC_WARN_ABOUT_RETURN_TYPE = YES_ERROR;
				GCC_WARN_UNDECLARED_SELECTOR = YES;
				GCC_WARN_UNINITIALIZED_AUTOS = YES_AGGRESSIVE;
				GCC_WARN_UNUSED_FUNCTION = YES;
				GCC_WARN_UNUSED_VARIABLE = YES;
				IPHONEOS_DEPLOYMENT_TARGET = 14.2;
				MTL_ENABLE_DEBUG_INFO = NO;
				MTL_FAST_MATH = YES;
				SDKROOT = iphoneos;
				SWIFT_COMPILATION_MODE = wholemodule;
				SWIFT_OPTIMIZATION_LEVEL = "-O";
				VALIDATE_PRODUCT = YES;
			};
			name = Release;
		};
		CD9D2EC025B8575F0044A309 /* Debug */ = {
			isa = XCBuildConfiguration;
			buildSettings = {
				ASSETCATALOG_COMPILER_APPICON_NAME = AppIcon;
				ASSETCATALOG_COMPILER_GLOBAL_ACCENT_COLOR_NAME = AccentColor;
				CODE_SIGN_ENTITLEMENTS = LoginApp/LoginApp.entitlements;
				CODE_SIGN_STYLE = Automatic;
				FRAMEWORK_SEARCH_PATHS = (
					"$(inherited)",
					"$(PROJECT_DIR)/Frameworks",
				);
				INFOPLIST_FILE = LoginApp/Info.plist;
				LD_RUNPATH_SEARCH_PATHS = (
					"$(inherited)",
					"@executable_path/Frameworks",
				);
				OTHER_LDFLAGS = "-ObjC";
				PRODUCT_BUNDLE_IDENTIFIER = es.masterd.LoginApp;
				PRODUCT_NAME = "$(TARGET_NAME)";
				SWIFT_VERSION = 5.0;
				TARGETED_DEVICE_FAMILY = "1,2";
			};
			name = Debug;
		};
		CD9D2EC125B8575F0044A309 /* Release */ = {
			isa = XCBuildConfiguration;
			buildSettings = {
				ASSETCATALOG_COMPILER_APPICON_NAME = AppIcon;
				ASSETCATALOG_COMPILER_GLOBAL_ACCENT_COLOR_NAME = AccentColor;
				CODE_SIGN_ENTITLEMENTS = LoginApp/LoginApp.entitlements;
				CODE_SIGN_STYLE = Automatic;
				FRAMEWORK_SEARCH_PATHS = (
					"$(inherited)",
					"$(PROJECT_DIR)/Frameworks",
				);
				INFOPLIST_FILE = LoginApp/Info.plist;
				LD_RUNPATH_SEARCH_PATHS = (
					"$(inherited)",
					"@executable_path/Frameworks",
				);
				OTHER_LDFLAGS = "-ObjC";
				PRODUCT_BUNDLE_IDENTIFIER = es.masterd.LoginApp;
				PRODUCT_NAME = "$(TARGET_NAME)";
				SWIFT_VERSION = 5.0;
				TARGETED_DEVICE_FAMILY = "1,2";
			};
			name = Release;
		};
/* End XCBuildConfiguration section */

/* Begin XCConfigurationList section */
		CD9D2EA625B8575C0044A309 /* Build configuration list for PBXProject "LoginApp" */ = {
			isa = XCConfigurationList;
			buildConfigurations = (
				CD9D2EBD25B8575F0044A309 /* Debug */,
				CD9D2EBE25B8575F0044A309 /* Release */,
			);
			defaultConfigurationIsVisible = 0;
			defaultConfigurationName = Release;
		};
		CD9D2EBF25B8575F0044A309 /* Build configuration list for PBXNativeTarget "LoginApp" */ = {
			isa = XCConfigurationList;
			buildConfigurations = (
				CD9D2EC025B8575F0044A309 /* Debug */,
				CD9D2EC125B8575F0044A309 /* Release */,
			);
			defaultConfigurationIsVisible = 0;
			defaultConfigurationName = Release;
		};
/* End XCConfigurationList section */
	};
	rootObject = CD9D2EA325B8575C0044A309 /* Project object */;
}
